
Microsoft Visual Studio Solution File, Format Version 12.00
# Visual Studio 15
VisualStudioVersion = 15.0.27130.2010
MinimumVisualStudioVersion = 10.0.40219.1
Project("{8BC9CEB8-8B4A-11D0-8D11-00A0C91BC942}") = "Final", "Final\Final.vcxproj", "{66E4FF26-D41C-4548-A43B-4020D29568E2}"
EndProject
Global
	GlobalSection(SolutionConfigurationPlatforms) = preSolution
		Debug|x64 = Debug|x64
		Debug|x86 = Debug|x86
		Release|x64 = Release|x64
		Release|x86 = Release|x86
	EndGlobalSection
	GlobalSection(ProjectConfigurationPlatforms) = postSolution
		{66E4FF26-D41C-4548-A43B-4020D29568E2}.Debug|x64.ActiveCfg = Debug|x64
		{66E4FF26-D41C-4548-A43B-4020D29568E2}.Debug|x64.Build.0 = Debug|x64
		{66E4FF26-D41C-4548-A43B-4020D29568E2}.Debug|x86.ActiveCfg = Debug|Win32
		{66E4FF26-D41C-4548-A43B-4020D29568E2}.Debug|x86.Build.0 = Debug|Win32
		{66E4FF26-D41C-4548-A43B-4020D29568E2}.Release|x64.ActiveCfg = Release|x64
		{66E4FF26-D41C-4548-A43B-4020D29568E2}.Release|x64.Build.0 = Release|x64
		{66E4FF26-D41C-4548-A43B-4020D29568E2}.Release|x86.ActiveCfg = Release|Win32
		{66E4FF26-D41C-4548-A43B-4020D29568E2}.Release|x86.Build.0 = Release|Win32
	EndGlobalSection
	GlobalSection(SolutionProperties) = preSolution
		HideSolutionNode = FALSE
	EndGlobalSection
	GlobalSection(ExtensibilityGlobals) = postSolution
		SolutionGuid = {3A60518C-4F1B-4DE7-9133-376DB5E14670}
	EndGlobalSection
EndGlobal
